
Microsoft Visual Studio Solution File, Format Version 12.00
# Visual Studio Version 16
VisualStudioVersion = 16.0.30907.101
MinimumVisualStudioVersion = 10.0.40219.1
Project("{FAE04EC0-301F-11D3-BF4B-00C04F79EFBC}") = "CFDG.ACAD", "CFDG.ACAD\CFDG.ACAD.csproj", "{1F6DEAB2-711F-4DD7-9668-BB4FC648557B}"
EndProject
Project("{FAE04EC0-301F-11D3-BF4B-00C04F79EFBC}") = "CFDG.UI", "CFDG.UI\CFDG.UI.csproj", "{6EBFE50B-0F27-467D-91D1-AA9A3C40317A}"
EndProject
Project("{FAE04EC0-301F-11D3-BF4B-00C04F79EFBC}") = "APITests", "APITests\APITests.csproj", "{51B1143E-2535-40DB-A437-32EDA82C45B6}"
EndProject
Project("{FAE04EC0-301F-11D3-BF4B-00C04F79EFBC}") = "CFDG.API", "CFDG.API\CFDG.API.csproj", "{3E9D0793-99AD-40F6-B73F-8A2FC42DC3E8}"
EndProject
Project("{FAE04EC0-301F-11D3-BF4B-00C04F79EFBC}") = "SurveyCalculator", "SurveyCalculator\SurveyCalculator.csproj", "{E1FD71AA-29B6-4E0A-B96B-B3CBBC978E4C}"
EndProject
Global
	GlobalSection(SolutionConfigurationPlatforms) = preSolution
		Debug|Any CPU = Debug|Any CPU
		Release|Any CPU = Release|Any CPU
	EndGlobalSection
	GlobalSection(ProjectConfigurationPlatforms) = postSolution
		{1F6DEAB2-711F-4DD7-9668-BB4FC648557B}.Debug|Any CPU.ActiveCfg = Debug|Any CPU
		{1F6DEAB2-711F-4DD7-9668-BB4FC648557B}.Debug|Any CPU.Build.0 = Debug|Any CPU
		{1F6DEAB2-711F-4DD7-9668-BB4FC648557B}.Release|Any CPU.ActiveCfg = Release|Any CPU
		{1F6DEAB2-711F-4DD7-9668-BB4FC648557B}.Release|Any CPU.Build.0 = Release|Any CPU
		{6EBFE50B-0F27-467D-91D1-AA9A3C40317A}.Debug|Any CPU.ActiveCfg = Debug|Any CPU
		{6EBFE50B-0F27-467D-91D1-AA9A3C40317A}.Debug|Any CPU.Build.0 = Debug|Any CPU
		{6EBFE50B-0F27-467D-91D1-AA9A3C40317A}.Release|Any CPU.ActiveCfg = Release|Any CPU
		{6EBFE50B-0F27-467D-91D1-AA9A3C40317A}.Release|Any CPU.Build.0 = Release|Any CPU
		{51B1143E-2535-40DB-A437-32EDA82C45B6}.Debug|Any CPU.ActiveCfg = Debug|Any CPU
		{51B1143E-2535-40DB-A437-32EDA82C45B6}.Debug|Any CPU.Build.0 = Debug|Any CPU
		{51B1143E-2535-40DB-A437-32EDA82C45B6}.Release|Any CPU.ActiveCfg = Release|Any CPU
		{51B1143E-2535-40DB-A437-32EDA82C45B6}.Release|Any CPU.Build.0 = Release|Any CPU
		{3E9D0793-99AD-40F6-B73F-8A2FC42DC3E8}.Debug|Any CPU.ActiveCfg = Debug|Any CPU
		{3E9D0793-99AD-40F6-B73F-8A2FC42DC3E8}.Debug|Any CPU.Build.0 = Debug|Any CPU
		{3E9D0793-99AD-40F6-B73F-8A2FC42DC3E8}.Release|Any CPU.ActiveCfg = Release|Any CPU
		{3E9D0793-99AD-40F6-B73F-8A2FC42DC3E8}.Release|Any CPU.Build.0 = Release|Any CPU
		{E1FD71AA-29B6-4E0A-B96B-B3CBBC978E4C}.Debug|Any CPU.ActiveCfg = Debug|Any CPU
		{E1FD71AA-29B6-4E0A-B96B-B3CBBC978E4C}.Debug|Any CPU.Build.0 = Debug|Any CPU
		{E1FD71AA-29B6-4E0A-B96B-B3CBBC978E4C}.Release|Any CPU.ActiveCfg = Release|Any CPU
		{E1FD71AA-29B6-4E0A-B96B-B3CBBC978E4C}.Release|Any CPU.Build.0 = Release|Any CPU
	EndGlobalSection
	GlobalSection(SolutionProperties) = preSolution
		HideSolutionNode = FALSE
	EndGlobalSection
	GlobalSection(ExtensibilityGlobals) = postSolution
		SolutionGuid = {351507FB-315A-4B64-B5E4-D63DE382F82A}
	EndGlobalSection
EndGlobal
