
Microsoft Visual Studio Solution File, Format Version 12.00
# Visual Studio Version 16
VisualStudioVersion = 16.0.30907.101
MinimumVisualStudioVersion = 10.0.40219.1
Project("{FAE04EC0-301F-11D3-BF4B-00C04F79EFBC}") = "CFDG.ACAD", "CFDG.ACAD\CFDG.ACAD.csproj", "{1F6DEAB2-711F-4DD7-9668-BB4FC648557B}"
EndProject
Project("{FAE04EC0-301F-11D3-BF4B-00C04F79EFBC}") = "CFDG.API", "CFDG.API\CFDG.API.csproj", "{3E9D0793-99AD-40F6-B73F-8A2FC42DC3E8}"
EndProject
Project("{FAE04EC0-301F-11D3-BF4B-00C04F79EFBC}") = "CFDG.UI", "CFDG.UI\CFDG.UI.csproj", "{9E850888-8DB7-4B6F-9FD0-A57BA3438B4D}"
EndProject
Global
	GlobalSection(SolutionConfigurationPlatforms) = preSolution
		Debug (ACAD 19)|Any CPU = Debug (ACAD 19)|Any CPU
		Debug (ACAD 21)|Any CPU = Debug (ACAD 21)|Any CPU
		Release|Any CPU = Release|Any CPU
	EndGlobalSection
	GlobalSection(ProjectConfigurationPlatforms) = postSolution
		{1F6DEAB2-711F-4DD7-9668-BB4FC648557B}.Debug (ACAD 19)|Any CPU.ActiveCfg = Debug (ACAD 19)|Any CPU
		{1F6DEAB2-711F-4DD7-9668-BB4FC648557B}.Debug (ACAD 19)|Any CPU.Build.0 = Debug (ACAD 19)|Any CPU
		{1F6DEAB2-711F-4DD7-9668-BB4FC648557B}.Debug (ACAD 21)|Any CPU.ActiveCfg = Debug|Any CPU
		{1F6DEAB2-711F-4DD7-9668-BB4FC648557B}.Debug (ACAD 21)|Any CPU.Build.0 = Debug|Any CPU
		{1F6DEAB2-711F-4DD7-9668-BB4FC648557B}.Release|Any CPU.ActiveCfg = Release|Any CPU
		{1F6DEAB2-711F-4DD7-9668-BB4FC648557B}.Release|Any CPU.Build.0 = Release|Any CPU
		{3E9D0793-99AD-40F6-B73F-8A2FC42DC3E8}.Debug (ACAD 19)|Any CPU.ActiveCfg = Debug|Any CPU
		{3E9D0793-99AD-40F6-B73F-8A2FC42DC3E8}.Debug (ACAD 19)|Any CPU.Build.0 = Debug|Any CPU
		{3E9D0793-99AD-40F6-B73F-8A2FC42DC3E8}.Debug (ACAD 21)|Any CPU.ActiveCfg = Debug|Any CPU
		{3E9D0793-99AD-40F6-B73F-8A2FC42DC3E8}.Debug (ACAD 21)|Any CPU.Build.0 = Debug|Any CPU
		{3E9D0793-99AD-40F6-B73F-8A2FC42DC3E8}.Release|Any CPU.ActiveCfg = Release|Any CPU
		{3E9D0793-99AD-40F6-B73F-8A2FC42DC3E8}.Release|Any CPU.Build.0 = Release|Any CPU
		{9E850888-8DB7-4B6F-9FD0-A57BA3438B4D}.Debug (ACAD 19)|Any CPU.ActiveCfg = Debug|Any CPU
		{9E850888-8DB7-4B6F-9FD0-A57BA3438B4D}.Debug (ACAD 19)|Any CPU.Build.0 = Debug|Any CPU
		{9E850888-8DB7-4B6F-9FD0-A57BA3438B4D}.Debug (ACAD 21)|Any CPU.ActiveCfg = Debug|Any CPU
		{9E850888-8DB7-4B6F-9FD0-A57BA3438B4D}.Debug (ACAD 21)|Any CPU.Build.0 = Debug|Any CPU
		{9E850888-8DB7-4B6F-9FD0-A57BA3438B4D}.Release|Any CPU.ActiveCfg = Release|Any CPU
		{9E850888-8DB7-4B6F-9FD0-A57BA3438B4D}.Release|Any CPU.Build.0 = Release|Any CPU
	EndGlobalSection
	GlobalSection(SolutionProperties) = preSolution
		HideSolutionNode = FALSE
	EndGlobalSection
	GlobalSection(ExtensibilityGlobals) = postSolution
		SolutionGuid = {351507FB-315A-4B64-B5E4-D63DE382F82A}
	EndGlobalSection
EndGlobal
